
Microsoft Visual Studio Solution File, Format Version 11.00
# Visual C++ Express 2010
Project("{8BC9CEB8-8B4A-11D0-8D11-00A0C91BC942}") = "sl0", "sl0\sl0.vcxproj", "{9CABD6A3-C115-4B7E-B9AB-0A8D90634B5B}"
EndProject
Global
	GlobalSection(SolutionConfigurationPlatforms) = preSolution
		Debug|Win32 = Debug|Win32
		Release|Win32 = Release|Win32
	EndGlobalSection
	GlobalSection(ProjectConfigurationPlatforms) = postSolution
		{9CABD6A3-C115-4B7E-B9AB-0A8D90634B5B}.Debug|Win32.ActiveCfg = Debug|Win32
		{9CABD6A3-C115-4B7E-B9AB-0A8D90634B5B}.Debug|Win32.Build.0 = Debug|Win32
		{9CABD6A3-C115-4B7E-B9AB-0A8D90634B5B}.Release|Win32.ActiveCfg = Release|Win32
		{9CABD6A3-C115-4B7E-B9AB-0A8D90634B5B}.Release|Win32.Build.0 = Release|Win32
	EndGlobalSection
	GlobalSection(SolutionProperties) = preSolution
		HideSolutionNode = FALSE
	EndGlobalSection
EndGlobal
